
Microsoft Visual Studio Solution File, Format Version 12.00
# Visual Studio Version 16
VisualStudioVersion = 16.0.30523.141
MinimumVisualStudioVersion = 10.0.40219.1
Project("{FAE04EC0-301F-11D3-BF4B-00C04F79EFBC}") = "WeatherApp.Android", "WeatherApp.Android\WeatherApp.Android.csproj", "{6BD3E9CE-89F9-4B1E-ADB1-905EDB72187A}"
EndProject
Project("{FAE04EC0-301F-11D3-BF4B-00C04F79EFBC}") = "WeatherApp.iOS", "WeatherApp.iOS\WeatherApp.iOS.csproj", "{97C935B3-2BFE-4C5A-A62C-D8F663698B81}"
EndProject
Project("{9A19103F-16F7-4668-BE54-9A1E7A4F7556}") = "WeatherApp", "WeatherApp\WeatherApp.csproj", "{D9C216DF-E157-44F8-B0B5-00EAB84BBA7B}"
EndProject
Project("{FAE04EC0-301F-11D3-BF4B-00C04F79EFBC}") = "WeatherApp.Common", "WeatherApp.Common\WeatherApp.Common.csproj", "{1601C5A4-6C90-4509-97B6-49EA042CFFA0}"
EndProject
Project("{2150E333-8FDC-42A3-9474-1A3956D46DE8}") = "Business", "Business", "{6FAA1535-8BE4-4A90-BFF4-630EB26691B8}"
EndProject
Project("{2150E333-8FDC-42A3-9474-1A3956D46DE8}") = "Data", "Data", "{EEF7695A-5AE4-44D3-BB69-F0D0629552D5}"
EndProject
Project("{2150E333-8FDC-42A3-9474-1A3956D46DE8}") = "Platforms", "Platforms", "{B823D113-BFEB-4960-B560-D032F11591C6}"
EndProject
Project("{2150E333-8FDC-42A3-9474-1A3956D46DE8}") = "Common", "Common", "{F80F63D0-6E34-44FB-A3F9-FE71C8C34FC8}"
EndProject
Project("{FAE04EC0-301F-11D3-BF4B-00C04F79EFBC}") = "Entities", "Entities\Entities.csproj", "{FB30C331-33A0-45CF-BF44-B71D3EC0CC38}"
EndProject
Project("{FAE04EC0-301F-11D3-BF4B-00C04F79EFBC}") = "Managers", "Managers\Managers.csproj", "{F380F002-355B-4A8F-986F-6DCBB015E9A2}"
EndProject
Project("{FAE04EC0-301F-11D3-BF4B-00C04F79EFBC}") = "APIService", "APIService\APIService.csproj", "{48457420-800B-4D98-8D68-847DAA6CDB0B}"
EndProject
Project("{FAE04EC0-301F-11D3-BF4B-00C04F79EFBC}") = "Contracts", "Contracts\Contracts.csproj", "{F735C8CD-C0EC-4C4B-AC5E-14947068F7D2}"
EndProject
Global
	GlobalSection(SolutionConfigurationPlatforms) = preSolution
		Debug|Any CPU = Debug|Any CPU
		Debug|iPhone = Debug|iPhone
		Debug|iPhoneSimulator = Debug|iPhoneSimulator
		Release|Any CPU = Release|Any CPU
		Release|iPhone = Release|iPhone
		Release|iPhoneSimulator = Release|iPhoneSimulator
	EndGlobalSection
	GlobalSection(ProjectConfigurationPlatforms) = postSolution
		{6BD3E9CE-89F9-4B1E-ADB1-905EDB72187A}.Debug|Any CPU.ActiveCfg = Debug|Any CPU
		{6BD3E9CE-89F9-4B1E-ADB1-905EDB72187A}.Debug|Any CPU.Build.0 = Debug|Any CPU
		{6BD3E9CE-89F9-4B1E-ADB1-905EDB72187A}.Debug|Any CPU.Deploy.0 = Debug|Any CPU
		{6BD3E9CE-89F9-4B1E-ADB1-905EDB72187A}.Debug|iPhone.ActiveCfg = Debug|Any CPU
		{6BD3E9CE-89F9-4B1E-ADB1-905EDB72187A}.Debug|iPhone.Build.0 = Debug|Any CPU
		{6BD3E9CE-89F9-4B1E-ADB1-905EDB72187A}.Debug|iPhone.Deploy.0 = Debug|Any CPU
		{6BD3E9CE-89F9-4B1E-ADB1-905EDB72187A}.Debug|iPhoneSimulator.ActiveCfg = Debug|Any CPU
		{6BD3E9CE-89F9-4B1E-ADB1-905EDB72187A}.Debug|iPhoneSimulator.Build.0 = Debug|Any CPU
		{6BD3E9CE-89F9-4B1E-ADB1-905EDB72187A}.Debug|iPhoneSimulator.Deploy.0 = Debug|Any CPU
		{6BD3E9CE-89F9-4B1E-ADB1-905EDB72187A}.Release|Any CPU.ActiveCfg = Release|Any CPU
		{6BD3E9CE-89F9-4B1E-ADB1-905EDB72187A}.Release|Any CPU.Build.0 = Release|Any CPU
		{6BD3E9CE-89F9-4B1E-ADB1-905EDB72187A}.Release|Any CPU.Deploy.0 = Release|Any CPU
		{6BD3E9CE-89F9-4B1E-ADB1-905EDB72187A}.Release|iPhone.ActiveCfg = Release|Any CPU
		{6BD3E9CE-89F9-4B1E-ADB1-905EDB72187A}.Release|iPhone.Build.0 = Release|Any CPU
		{6BD3E9CE-89F9-4B1E-ADB1-905EDB72187A}.Release|iPhone.Deploy.0 = Release|Any CPU
		{6BD3E9CE-89F9-4B1E-ADB1-905EDB72187A}.Release|iPhoneSimulator.ActiveCfg = Release|Any CPU
		{6BD3E9CE-89F9-4B1E-ADB1-905EDB72187A}.Release|iPhoneSimulator.Build.0 = Release|Any CPU
		{6BD3E9CE-89F9-4B1E-ADB1-905EDB72187A}.Release|iPhoneSimulator.Deploy.0 = Release|Any CPU
		{97C935B3-2BFE-4C5A-A62C-D8F663698B81}.Debug|Any CPU.ActiveCfg = Debug|iPhone
		{97C935B3-2BFE-4C5A-A62C-D8F663698B81}.Debug|Any CPU.Build.0 = Debug|iPhone
		{97C935B3-2BFE-4C5A-A62C-D8F663698B81}.Debug|Any CPU.Deploy.0 = Debug|iPhone
		{97C935B3-2BFE-4C5A-A62C-D8F663698B81}.Debug|iPhone.ActiveCfg = Debug|iPhone
		{97C935B3-2BFE-4C5A-A62C-D8F663698B81}.Debug|iPhone.Build.0 = Debug|iPhone
		{97C935B3-2BFE-4C5A-A62C-D8F663698B81}.Debug|iPhone.Deploy.0 = Debug|iPhone
		{97C935B3-2BFE-4C5A-A62C-D8F663698B81}.Debug|iPhoneSimulator.ActiveCfg = Debug|iPhoneSimulator
		{97C935B3-2BFE-4C5A-A62C-D8F663698B81}.Debug|iPhoneSimulator.Build.0 = Debug|iPhoneSimulator
		{97C935B3-2BFE-4C5A-A62C-D8F663698B81}.Debug|iPhoneSimulator.Deploy.0 = Debug|iPhoneSimulator
		{97C935B3-2BFE-4C5A-A62C-D8F663698B81}.Release|Any CPU.ActiveCfg = Release|iPhoneSimulator
		{97C935B3-2BFE-4C5A-A62C-D8F663698B81}.Release|Any CPU.Build.0 = Release|iPhoneSimulator
		{97C935B3-2BFE-4C5A-A62C-D8F663698B81}.Release|Any CPU.Deploy.0 = Release|iPhoneSimulator
		{97C935B3-2BFE-4C5A-A62C-D8F663698B81}.Release|iPhone.ActiveCfg = Release|iPhone
		{97C935B3-2BFE-4C5A-A62C-D8F663698B81}.Release|iPhone.Build.0 = Release|iPhone
		{97C935B3-2BFE-4C5A-A62C-D8F663698B81}.Release|iPhone.Deploy.0 = Release|iPhone
		{97C935B3-2BFE-4C5A-A62C-D8F663698B81}.Release|iPhoneSimulator.ActiveCfg = Release|iPhoneSimulator
		{97C935B3-2BFE-4C5A-A62C-D8F663698B81}.Release|iPhoneSimulator.Build.0 = Release|iPhoneSimulator
		{97C935B3-2BFE-4C5A-A62C-D8F663698B81}.Release|iPhoneSimulator.Deploy.0 = Release|iPhoneSimulator
		{D9C216DF-E157-44F8-B0B5-00EAB84BBA7B}.Debug|Any CPU.ActiveCfg = Debug|Any CPU
		{D9C216DF-E157-44F8-B0B5-00EAB84BBA7B}.Debug|Any CPU.Build.0 = Debug|Any CPU
		{D9C216DF-E157-44F8-B0B5-00EAB84BBA7B}.Debug|Any CPU.Deploy.0 = Debug|Any CPU
		{D9C216DF-E157-44F8-B0B5-00EAB84BBA7B}.Debug|iPhone.ActiveCfg = Debug|Any CPU
		{D9C216DF-E157-44F8-B0B5-00EAB84BBA7B}.Debug|iPhone.Build.0 = Debug|Any CPU
		{D9C216DF-E157-44F8-B0B5-00EAB84BBA7B}.Debug|iPhone.Deploy.0 = Debug|Any CPU
		{D9C216DF-E157-44F8-B0B5-00EAB84BBA7B}.Debug|iPhoneSimulator.ActiveCfg = Debug|Any CPU
		{D9C216DF-E157-44F8-B0B5-00EAB84BBA7B}.Debug|iPhoneSimulator.Build.0 = Debug|Any CPU
		{D9C216DF-E157-44F8-B0B5-00EAB84BBA7B}.Debug|iPhoneSimulator.Deploy.0 = Debug|Any CPU
		{D9C216DF-E157-44F8-B0B5-00EAB84BBA7B}.Release|Any CPU.ActiveCfg = Release|Any CPU
		{D9C216DF-E157-44F8-B0B5-00EAB84BBA7B}.Release|Any CPU.Build.0 = Release|Any CPU
		{D9C216DF-E157-44F8-B0B5-00EAB84BBA7B}.Release|Any CPU.Deploy.0 = Release|Any CPU
		{D9C216DF-E157-44F8-B0B5-00EAB84BBA7B}.Release|iPhone.ActiveCfg = Release|Any CPU
		{D9C216DF-E157-44F8-B0B5-00EAB84BBA7B}.Release|iPhone.Build.0 = Release|Any CPU
		{D9C216DF-E157-44F8-B0B5-00EAB84BBA7B}.Release|iPhone.Deploy.0 = Release|Any CPU
		{D9C216DF-E157-44F8-B0B5-00EAB84BBA7B}.Release|iPhoneSimulator.ActiveCfg = Release|Any CPU
		{D9C216DF-E157-44F8-B0B5-00EAB84BBA7B}.Release|iPhoneSimulator.Build.0 = Release|Any CPU
		{D9C216DF-E157-44F8-B0B5-00EAB84BBA7B}.Release|iPhoneSimulator.Deploy.0 = Release|Any CPU
		{1601C5A4-6C90-4509-97B6-49EA042CFFA0}.Debug|Any CPU.ActiveCfg = Debug|Any CPU
		{1601C5A4-6C90-4509-97B6-49EA042CFFA0}.Debug|Any CPU.Build.0 = Debug|Any CPU
		{1601C5A4-6C90-4509-97B6-49EA042CFFA0}.Debug|iPhone.ActiveCfg = Debug|Any CPU
		{1601C5A4-6C90-4509-97B6-49EA042CFFA0}.Debug|iPhone.Build.0 = Debug|Any CPU
		{1601C5A4-6C90-4509-97B6-49EA042CFFA0}.Debug|iPhoneSimulator.ActiveCfg = Debug|Any CPU
		{1601C5A4-6C90-4509-97B6-49EA042CFFA0}.Debug|iPhoneSimulator.Build.0 = Debug|Any CPU
		{1601C5A4-6C90-4509-97B6-49EA042CFFA0}.Release|Any CPU.ActiveCfg = Release|Any CPU
		{1601C5A4-6C90-4509-97B6-49EA042CFFA0}.Release|Any CPU.Build.0 = Release|Any CPU
		{1601C5A4-6C90-4509-97B6-49EA042CFFA0}.Release|iPhone.ActiveCfg = Release|Any CPU
		{1601C5A4-6C90-4509-97B6-49EA042CFFA0}.Release|iPhone.Build.0 = Release|Any CPU
		{1601C5A4-6C90-4509-97B6-49EA042CFFA0}.Release|iPhoneSimulator.ActiveCfg = Release|Any CPU
		{1601C5A4-6C90-4509-97B6-49EA042CFFA0}.Release|iPhoneSimulator.Build.0 = Release|Any CPU
		{FB30C331-33A0-45CF-BF44-B71D3EC0CC38}.Debug|Any CPU.ActiveCfg = Debug|Any CPU
		{FB30C331-33A0-45CF-BF44-B71D3EC0CC38}.Debug|Any CPU.Build.0 = Debug|Any CPU
		{FB30C331-33A0-45CF-BF44-B71D3EC0CC38}.Debug|iPhone.ActiveCfg = Debug|Any CPU
		{FB30C331-33A0-45CF-BF44-B71D3EC0CC38}.Debug|iPhone.Build.0 = Debug|Any CPU
		{FB30C331-33A0-45CF-BF44-B71D3EC0CC38}.Debug|iPhoneSimulator.ActiveCfg = Debug|Any CPU
		{FB30C331-33A0-45CF-BF44-B71D3EC0CC38}.Debug|iPhoneSimulator.Build.0 = Debug|Any CPU
		{FB30C331-33A0-45CF-BF44-B71D3EC0CC38}.Release|Any CPU.ActiveCfg = Release|Any CPU
		{FB30C331-33A0-45CF-BF44-B71D3EC0CC38}.Release|Any CPU.Build.0 = Release|Any CPU
		{FB30C331-33A0-45CF-BF44-B71D3EC0CC38}.Release|iPhone.ActiveCfg = Release|Any CPU
		{FB30C331-33A0-45CF-BF44-B71D3EC0CC38}.Release|iPhone.Build.0 = Release|Any CPU
		{FB30C331-33A0-45CF-BF44-B71D3EC0CC38}.Release|iPhoneSimulator.ActiveCfg = Release|Any CPU
		{FB30C331-33A0-45CF-BF44-B71D3EC0CC38}.Release|iPhoneSimulator.Build.0 = Release|Any CPU
		{F380F002-355B-4A8F-986F-6DCBB015E9A2}.Debug|Any CPU.ActiveCfg = Debug|Any CPU
		{F380F002-355B-4A8F-986F-6DCBB015E9A2}.Debug|Any CPU.Build.0 = Debug|Any CPU
		{F380F002-355B-4A8F-986F-6DCBB015E9A2}.Debug|iPhone.ActiveCfg = Debug|Any CPU
		{F380F002-355B-4A8F-986F-6DCBB015E9A2}.Debug|iPhone.Build.0 = Debug|Any CPU
		{F380F002-355B-4A8F-986F-6DCBB015E9A2}.Debug|iPhoneSimulator.ActiveCfg = Debug|Any CPU
		{F380F002-355B-4A8F-986F-6DCBB015E9A2}.Debug|iPhoneSimulator.Build.0 = Debug|Any CPU
		{F380F002-355B-4A8F-986F-6DCBB015E9A2}.Release|Any CPU.ActiveCfg = Release|Any CPU
		{F380F002-355B-4A8F-986F-6DCBB015E9A2}.Release|Any CPU.Build.0 = Release|Any CPU
		{F380F002-355B-4A8F-986F-6DCBB015E9A2}.Release|iPhone.ActiveCfg = Release|Any CPU
		{F380F002-355B-4A8F-986F-6DCBB015E9A2}.Release|iPhone.Build.0 = Release|Any CPU
		{F380F002-355B-4A8F-986F-6DCBB015E9A2}.Release|iPhoneSimulator.ActiveCfg = Release|Any CPU
		{F380F002-355B-4A8F-986F-6DCBB015E9A2}.Release|iPhoneSimulator.Build.0 = Release|Any CPU
		{48457420-800B-4D98-8D68-847DAA6CDB0B}.Debug|Any CPU.ActiveCfg = Debug|Any CPU
		{48457420-800B-4D98-8D68-847DAA6CDB0B}.Debug|Any CPU.Build.0 = Debug|Any CPU
		{48457420-800B-4D98-8D68-847DAA6CDB0B}.Debug|iPhone.ActiveCfg = Debug|Any CPU
		{48457420-800B-4D98-8D68-847DAA6CDB0B}.Debug|iPhone.Build.0 = Debug|Any CPU
		{48457420-800B-4D98-8D68-847DAA6CDB0B}.Debug|iPhoneSimulator.ActiveCfg = Debug|Any CPU
		{48457420-800B-4D98-8D68-847DAA6CDB0B}.Debug|iPhoneSimulator.Build.0 = Debug|Any CPU
		{48457420-800B-4D98-8D68-847DAA6CDB0B}.Release|Any CPU.ActiveCfg = Release|Any CPU
		{48457420-800B-4D98-8D68-847DAA6CDB0B}.Release|Any CPU.Build.0 = Release|Any CPU
		{48457420-800B-4D98-8D68-847DAA6CDB0B}.Release|iPhone.ActiveCfg = Release|Any CPU
		{48457420-800B-4D98-8D68-847DAA6CDB0B}.Release|iPhone.Build.0 = Release|Any CPU
		{48457420-800B-4D98-8D68-847DAA6CDB0B}.Release|iPhoneSimulator.ActiveCfg = Release|Any CPU
		{48457420-800B-4D98-8D68-847DAA6CDB0B}.Release|iPhoneSimulator.Build.0 = Release|Any CPU
		{F735C8CD-C0EC-4C4B-AC5E-14947068F7D2}.Debug|Any CPU.ActiveCfg = Debug|Any CPU
		{F735C8CD-C0EC-4C4B-AC5E-14947068F7D2}.Debug|Any CPU.Build.0 = Debug|Any CPU
		{F735C8CD-C0EC-4C4B-AC5E-14947068F7D2}.Debug|iPhone.ActiveCfg = Debug|Any CPU
		{F735C8CD-C0EC-4C4B-AC5E-14947068F7D2}.Debug|iPhone.Build.0 = Debug|Any CPU
		{F735C8CD-C0EC-4C4B-AC5E-14947068F7D2}.Debug|iPhoneSimulator.ActiveCfg = Debug|Any CPU
		{F735C8CD-C0EC-4C4B-AC5E-14947068F7D2}.Debug|iPhoneSimulator.Build.0 = Debug|Any CPU
		{F735C8CD-C0EC-4C4B-AC5E-14947068F7D2}.Release|Any CPU.ActiveCfg = Release|Any CPU
		{F735C8CD-C0EC-4C4B-AC5E-14947068F7D2}.Release|Any CPU.Build.0 = Release|Any CPU
		{F735C8CD-C0EC-4C4B-AC5E-14947068F7D2}.Release|iPhone.ActiveCfg = Release|Any CPU
		{F735C8CD-C0EC-4C4B-AC5E-14947068F7D2}.Release|iPhone.Build.0 = Release|Any CPU
		{F735C8CD-C0EC-4C4B-AC5E-14947068F7D2}.Release|iPhoneSimulator.ActiveCfg = Release|Any CPU
		{F735C8CD-C0EC-4C4B-AC5E-14947068F7D2}.Release|iPhoneSimulator.Build.0 = Release|Any CPU
	EndGlobalSection
	GlobalSection(SolutionProperties) = preSolution
		HideSolutionNode = FALSE
	EndGlobalSection
	GlobalSection(NestedProjects) = preSolution
		{6BD3E9CE-89F9-4B1E-ADB1-905EDB72187A} = {B823D113-BFEB-4960-B560-D032F11591C6}
		{97C935B3-2BFE-4C5A-A62C-D8F663698B81} = {B823D113-BFEB-4960-B560-D032F11591C6}
		{D9C216DF-E157-44F8-B0B5-00EAB84BBA7B} = {F80F63D0-6E34-44FB-A3F9-FE71C8C34FC8}
		{1601C5A4-6C90-4509-97B6-49EA042CFFA0} = {F80F63D0-6E34-44FB-A3F9-FE71C8C34FC8}
		{FB30C331-33A0-45CF-BF44-B71D3EC0CC38} = {6FAA1535-8BE4-4A90-BFF4-630EB26691B8}
		{F380F002-355B-4A8F-986F-6DCBB015E9A2} = {6FAA1535-8BE4-4A90-BFF4-630EB26691B8}
		{48457420-800B-4D98-8D68-847DAA6CDB0B} = {EEF7695A-5AE4-44D3-BB69-F0D0629552D5}
		{F735C8CD-C0EC-4C4B-AC5E-14947068F7D2} = {EEF7695A-5AE4-44D3-BB69-F0D0629552D5}
	EndGlobalSection
	GlobalSection(ExtensibilityGlobals) = postSolution
		SolutionGuid = {2F77E207-7984-473C-9027-62E929F4FF99}
	EndGlobalSection
EndGlobal
