
Microsoft Visual Studio Solution File, Format Version 12.00
# Visual Studio Version 16
VisualStudioVersion = 16.0.30523.141
MinimumVisualStudioVersion = 10.0.40219.1
Project("{FAE04EC0-301F-11D3-BF4B-00C04F79EFBC}") = "WeatherApp.Android", "WeatherApp.Android\WeatherApp.Android.csproj", "{6BD3E9CE-89F9-4B1E-ADB1-905EDB72187A}"
EndProject
Project("{FAE04EC0-301F-11D3-BF4B-00C04F79EFBC}") = "WeatherApp.iOS", "WeatherApp.iOS\WeatherApp.iOS.csproj", "{97C935B3-2BFE-4C5A-A62C-D8F663698B81}"
EndProject
Project("{FAE04EC0-301F-11D3-BF4B-00C04F79EFBC}") = "WeatherApp", "WeatherApp\WeatherApp.csproj", "{D9C216DF-E157-44F8-B0B5-00EAB84BBA7B}"
EndProject
Global
	GlobalSection(SolutionConfigurationPlatforms) = preSolution
		Debug|Any CPU = Debug|Any CPU
		Debug|iPhone = Debug|iPhone
		Debug|iPhoneSimulator = Debug|iPhoneSimulator
		Release|Any CPU = Release|Any CPU
		Release|iPhone = Release|iPhone
		Release|iPhoneSimulator = Release|iPhoneSimulator
	EndGlobalSection
	GlobalSection(ProjectConfigurationPlatforms) = postSolution
		{6BD3E9CE-89F9-4B1E-ADB1-905EDB72187A}.Debug|Any CPU.ActiveCfg = Debug|Any CPU
		{6BD3E9CE-89F9-4B1E-ADB1-905EDB72187A}.Debug|Any CPU.Build.0 = Debug|Any CPU
		{6BD3E9CE-89F9-4B1E-ADB1-905EDB72187A}.Debug|Any CPU.Deploy.0 = Debug|Any CPU
		{6BD3E9CE-89F9-4B1E-ADB1-905EDB72187A}.Debug|iPhone.ActiveCfg = Debug|Any CPU
		{6BD3E9CE-89F9-4B1E-ADB1-905EDB72187A}.Debug|iPhone.Build.0 = Debug|Any CPU
		{6BD3E9CE-89F9-4B1E-ADB1-905EDB72187A}.Debug|iPhone.Deploy.0 = Debug|Any CPU
		{6BD3E9CE-89F9-4B1E-ADB1-905EDB72187A}.Debug|iPhoneSimulator.ActiveCfg = Debug|Any CPU
		{6BD3E9CE-89F9-4B1E-ADB1-905EDB72187A}.Debug|iPhoneSimulator.Build.0 = Debug|Any CPU
		{6BD3E9CE-89F9-4B1E-ADB1-905EDB72187A}.Debug|iPhoneSimulator.Deploy.0 = Debug|Any CPU
		{6BD3E9CE-89F9-4B1E-ADB1-905EDB72187A}.Release|Any CPU.ActiveCfg = Release|Any CPU
		{6BD3E9CE-89F9-4B1E-ADB1-905EDB72187A}.Release|Any CPU.Build.0 = Release|Any CPU
		{6BD3E9CE-89F9-4B1E-ADB1-905EDB72187A}.Release|Any CPU.Deploy.0 = Release|Any CPU
		{6BD3E9CE-89F9-4B1E-ADB1-905EDB72187A}.Release|iPhone.ActiveCfg = Release|Any CPU
		{6BD3E9CE-89F9-4B1E-ADB1-905EDB72187A}.Release|iPhone.Build.0 = Release|Any CPU
		{6BD3E9CE-89F9-4B1E-ADB1-905EDB72187A}.Release|iPhone.Deploy.0 = Release|Any CPU
		{6BD3E9CE-89F9-4B1E-ADB1-905EDB72187A}.Release|iPhoneSimulator.ActiveCfg = Release|Any CPU
		{6BD3E9CE-89F9-4B1E-ADB1-905EDB72187A}.Release|iPhoneSimulator.Build.0 = Release|Any CPU
		{6BD3E9CE-89F9-4B1E-ADB1-905EDB72187A}.Release|iPhoneSimulator.Deploy.0 = Release|Any CPU
		{97C935B3-2BFE-4C5A-A62C-D8F663698B81}.Debug|Any CPU.ActiveCfg = Debug|iPhone
		{97C935B3-2BFE-4C5A-A62C-D8F663698B81}.Debug|Any CPU.Build.0 = Debug|iPhone
		{97C935B3-2BFE-4C5A-A62C-D8F663698B81}.Debug|Any CPU.Deploy.0 = Debug|iPhone
		{97C935B3-2BFE-4C5A-A62C-D8F663698B81}.Debug|iPhone.ActiveCfg = Debug|iPhone
		{97C935B3-2BFE-4C5A-A62C-D8F663698B81}.Debug|iPhone.Build.0 = Debug|iPhone
		{97C935B3-2BFE-4C5A-A62C-D8F663698B81}.Debug|iPhone.Deploy.0 = Debug|iPhone
		{97C935B3-2BFE-4C5A-A62C-D8F663698B81}.Debug|iPhoneSimulator.ActiveCfg = Debug|iPhoneSimulator
		{97C935B3-2BFE-4C5A-A62C-D8F663698B81}.Debug|iPhoneSimulator.Build.0 = Debug|iPhoneSimulator
		{97C935B3-2BFE-4C5A-A62C-D8F663698B81}.Debug|iPhoneSimulator.Deploy.0 = Debug|iPhoneSimulator
		{97C935B3-2BFE-4C5A-A62C-D8F663698B81}.Release|Any CPU.ActiveCfg = Release|iPhoneSimulator
		{97C935B3-2BFE-4C5A-A62C-D8F663698B81}.Release|Any CPU.Build.0 = Release|iPhoneSimulator
		{97C935B3-2BFE-4C5A-A62C-D8F663698B81}.Release|Any CPU.Deploy.0 = Release|iPhoneSimulator
		{97C935B3-2BFE-4C5A-A62C-D8F663698B81}.Release|iPhone.ActiveCfg = Release|iPhone
		{97C935B3-2BFE-4C5A-A62C-D8F663698B81}.Release|iPhone.Build.0 = Release|iPhone
		{97C935B3-2BFE-4C5A-A62C-D8F663698B81}.Release|iPhone.Deploy.0 = Release|iPhone
		{97C935B3-2BFE-4C5A-A62C-D8F663698B81}.Release|iPhoneSimulator.ActiveCfg = Release|iPhoneSimulator
		{97C935B3-2BFE-4C5A-A62C-D8F663698B81}.Release|iPhoneSimulator.Build.0 = Release|iPhoneSimulator
		{97C935B3-2BFE-4C5A-A62C-D8F663698B81}.Release|iPhoneSimulator.Deploy.0 = Release|iPhoneSimulator
		{D9C216DF-E157-44F8-B0B5-00EAB84BBA7B}.Debug|Any CPU.ActiveCfg = Debug|Any CPU
		{D9C216DF-E157-44F8-B0B5-00EAB84BBA7B}.Debug|Any CPU.Build.0 = Debug|Any CPU
		{D9C216DF-E157-44F8-B0B5-00EAB84BBA7B}.Debug|Any CPU.Deploy.0 = Debug|Any CPU
		{D9C216DF-E157-44F8-B0B5-00EAB84BBA7B}.Debug|iPhone.ActiveCfg = Debug|Any CPU
		{D9C216DF-E157-44F8-B0B5-00EAB84BBA7B}.Debug|iPhone.Build.0 = Debug|Any CPU
		{D9C216DF-E157-44F8-B0B5-00EAB84BBA7B}.Debug|iPhone.Deploy.0 = Debug|Any CPU
		{D9C216DF-E157-44F8-B0B5-00EAB84BBA7B}.Debug|iPhoneSimulator.ActiveCfg = Debug|Any CPU
		{D9C216DF-E157-44F8-B0B5-00EAB84BBA7B}.Debug|iPhoneSimulator.Build.0 = Debug|Any CPU
		{D9C216DF-E157-44F8-B0B5-00EAB84BBA7B}.Debug|iPhoneSimulator.Deploy.0 = Debug|Any CPU
		{D9C216DF-E157-44F8-B0B5-00EAB84BBA7B}.Release|Any CPU.ActiveCfg = Release|Any CPU
		{D9C216DF-E157-44F8-B0B5-00EAB84BBA7B}.Release|Any CPU.Build.0 = Release|Any CPU
		{D9C216DF-E157-44F8-B0B5-00EAB84BBA7B}.Release|Any CPU.Deploy.0 = Release|Any CPU
		{D9C216DF-E157-44F8-B0B5-00EAB84BBA7B}.Release|iPhone.ActiveCfg = Release|Any CPU
		{D9C216DF-E157-44F8-B0B5-00EAB84BBA7B}.Release|iPhone.Build.0 = Release|Any CPU
		{D9C216DF-E157-44F8-B0B5-00EAB84BBA7B}.Release|iPhone.Deploy.0 = Release|Any CPU
		{D9C216DF-E157-44F8-B0B5-00EAB84BBA7B}.Release|iPhoneSimulator.ActiveCfg = Release|Any CPU
		{D9C216DF-E157-44F8-B0B5-00EAB84BBA7B}.Release|iPhoneSimulator.Build.0 = Release|Any CPU
		{D9C216DF-E157-44F8-B0B5-00EAB84BBA7B}.Release|iPhoneSimulator.Deploy.0 = Release|Any CPU
	EndGlobalSection
	GlobalSection(SolutionProperties) = preSolution
		HideSolutionNode = FALSE
	EndGlobalSection
	GlobalSection(ExtensibilityGlobals) = postSolution
		SolutionGuid = {2F77E207-7984-473C-9027-62E929F4FF99}
	EndGlobalSection
EndGlobal
